
Microsoft Visual Studio Solution File, Format Version 12.00
# Visual Studio 15
VisualStudioVersion = 15.0.27004.2009
MinimumVisualStudioVersion = 10.0.40219.1
Project("{FAE04EC0-301F-11D3-BF4B-00C04F79EFBC}") = "Ren.NotifyIcon", "Ren.NotifyIcon\Ren.NotifyIcon.csproj", "{B713B2CB-8A19-402B-AEF1-5615ECE9CD07}"
EndProject
Project("{FAE04EC0-301F-11D3-BF4B-00C04F79EFBC}") = "Ren.Tests", "Ren.Tests\Ren.Tests.csproj", "{30A3FAD0-CBF7-48DB-B2CE-60425D673D7B}"
EndProject
Project("{FAE04EC0-301F-11D3-BF4B-00C04F79EFBC}") = "Ren.MVVM", "Ren.MVVM\Ren.MVVM.csproj", "{B0D83F6B-60A2-4AAB-860E-39572AC6A2F4}"
EndProject
Project("{FAE04EC0-301F-11D3-BF4B-00C04F79EFBC}") = "Ren.Network", "Ren.Network\Ren.Network.csproj", "{2B2952C3-91F5-482C-83C2-F46F681A6AA4}"
EndProject
Project("{FAE04EC0-301F-11D3-BF4B-00C04F79EFBC}") = "Ren.Network.Tests", "Ren.Network.Tests\Ren.Network.Tests.csproj", "{CC877A92-9F27-47A5-8483-D25847530432}"
EndProject
Global
	GlobalSection(SolutionConfigurationPlatforms) = preSolution
		Debug|Any CPU = Debug|Any CPU
		Release|Any CPU = Release|Any CPU
	EndGlobalSection
	GlobalSection(ProjectConfigurationPlatforms) = postSolution
		{B713B2CB-8A19-402B-AEF1-5615ECE9CD07}.Debug|Any CPU.ActiveCfg = Debug|Any CPU
		{B713B2CB-8A19-402B-AEF1-5615ECE9CD07}.Debug|Any CPU.Build.0 = Debug|Any CPU
		{B713B2CB-8A19-402B-AEF1-5615ECE9CD07}.Release|Any CPU.ActiveCfg = Release|Any CPU
		{B713B2CB-8A19-402B-AEF1-5615ECE9CD07}.Release|Any CPU.Build.0 = Release|Any CPU
		{30A3FAD0-CBF7-48DB-B2CE-60425D673D7B}.Debug|Any CPU.ActiveCfg = Debug|Any CPU
		{30A3FAD0-CBF7-48DB-B2CE-60425D673D7B}.Debug|Any CPU.Build.0 = Debug|Any CPU
		{30A3FAD0-CBF7-48DB-B2CE-60425D673D7B}.Release|Any CPU.ActiveCfg = Release|Any CPU
		{30A3FAD0-CBF7-48DB-B2CE-60425D673D7B}.Release|Any CPU.Build.0 = Release|Any CPU
		{B0D83F6B-60A2-4AAB-860E-39572AC6A2F4}.Debug|Any CPU.ActiveCfg = Debug|Any CPU
		{B0D83F6B-60A2-4AAB-860E-39572AC6A2F4}.Debug|Any CPU.Build.0 = Debug|Any CPU
		{B0D83F6B-60A2-4AAB-860E-39572AC6A2F4}.Release|Any CPU.ActiveCfg = Release|Any CPU
		{B0D83F6B-60A2-4AAB-860E-39572AC6A2F4}.Release|Any CPU.Build.0 = Release|Any CPU
		{2B2952C3-91F5-482C-83C2-F46F681A6AA4}.Debug|Any CPU.ActiveCfg = Debug|Any CPU
		{2B2952C3-91F5-482C-83C2-F46F681A6AA4}.Debug|Any CPU.Build.0 = Debug|Any CPU
		{2B2952C3-91F5-482C-83C2-F46F681A6AA4}.Release|Any CPU.ActiveCfg = Release|Any CPU
		{2B2952C3-91F5-482C-83C2-F46F681A6AA4}.Release|Any CPU.Build.0 = Release|Any CPU
		{CC877A92-9F27-47A5-8483-D25847530432}.Debug|Any CPU.ActiveCfg = Debug|Any CPU
		{CC877A92-9F27-47A5-8483-D25847530432}.Debug|Any CPU.Build.0 = Debug|Any CPU
		{CC877A92-9F27-47A5-8483-D25847530432}.Release|Any CPU.ActiveCfg = Release|Any CPU
		{CC877A92-9F27-47A5-8483-D25847530432}.Release|Any CPU.Build.0 = Release|Any CPU
	EndGlobalSection
	GlobalSection(SolutionProperties) = preSolution
		HideSolutionNode = FALSE
	EndGlobalSection
	GlobalSection(ExtensibilityGlobals) = postSolution
		SolutionGuid = {23205385-BEC9-48D3-8DD3-F82645E8F5CD}
	EndGlobalSection
EndGlobal
